# DO NOT EDIT MANUALLY - Managed by Fern Replay
version: "1.0"
generations:
  - commit_sha: 54bd32b3929158910a4cd15bf79d089679d51941
    tree_hash: ff037711f79d3d17d91fa78e1d17a250f095960c
    timestamp: 2026-06-17T08:01:59.240Z
    cli_version: unknown
    generator_versions: {}
current_generation: 54bd32b3929158910a4cd15bf79d089679d51941
patches: []
